// !$*UTF8*$!
{
	archiveVersion = 1;
	classes = {
	};
	objectVersion = 55;
	objects = {

/* Begin PBXBuildFile section */
		540B80AA2743E78200414BE6 /* DuringProject.swift in Sources */ = {isa = PBXBuildFile; fileRef = 540B80A92743E78200414BE6 /* DuringProject.swift */; };
		540B80AD2743E89700414BE6 /* AfterProject.swift in Sources */ = {isa = PBXBuildFile; fileRef = 540B80AC2743E89700414BE6 /* AfterProject.swift */; };
		540B80AF27442BA500414BE6 /* InfoSheet.swift in Sources */ = {isa = PBXBuildFile; fileRef = 540B80AE27442BA500414BE6 /* InfoSheet.swift */; };
		540B80B2274430E200414BE6 /* Lottie in Frameworks */ = {isa = PBXBuildFile; productRef = 540B80B1274430E200414BE6 /* Lottie */; };
		540B80B5274430FD00414BE6 /* LottieView.swift in Sources */ = {isa = PBXBuildFile; fileRef = 540B80B4274430FD00414BE6 /* LottieView.swift */; };
		540B80B72744319000414BE6 /* 11202-information.json in Resources */ = {isa = PBXBuildFile; fileRef = 540B80B62744319000414BE6 /* 11202-information.json */; };
		540B80B92744325100414BE6 /* TabBar.swift in Sources */ = {isa = PBXBuildFile; fileRef = 540B80B82744325100414BE6 /* TabBar.swift */; };
		540B80BB274439B300414BE6 /* Settings.swift in Sources */ = {isa = PBXBuildFile; fileRef = 540B80BA274439B300414BE6 /* Settings.swift */; };
		540B80C427444A4400414BE6 /* ProjectTypeView.swift in Sources */ = {isa = PBXBuildFile; fileRef = 540B80C327444A4400414BE6 /* ProjectTypeView.swift */; };
		540B80C627444E8900414BE6 /* IconView.swift in Sources */ = {isa = PBXBuildFile; fileRef = 540B80C527444E8900414BE6 /* IconView.swift */; };
		54143B1E274BED050088C0A2 /* TelemetryClient in Frameworks */ = {isa = PBXBuildFile; productRef = 54143B1D274BED050088C0A2 /* TelemetryClient */; };
		54143B21274BEFCD0088C0A2 /* TelemtryData.swift in Sources */ = {isa = PBXBuildFile; fileRef = 54143B20274BEFCD0088C0A2 /* TelemtryData.swift */; };
		54143B23274C1CA20088C0A2 /* AboutView.swift in Sources */ = {isa = PBXBuildFile; fileRef = 54143B22274C1CA20088C0A2 /* AboutView.swift */; };
		54143B25274C220C0088C0A2 /* ConfirmationScreen.swift in Sources */ = {isa = PBXBuildFile; fileRef = 54143B24274C220C0088C0A2 /* ConfirmationScreen.swift */; };
		54143B27274C22640088C0A2 /* 42564-thanks-button.json in Resources */ = {isa = PBXBuildFile; fileRef = 54143B26274C22640088C0A2 /* 42564-thanks-button.json */; };
		54143B29274C287E0088C0A2 /* Haptics.swift in Sources */ = {isa = PBXBuildFile; fileRef = 54143B28274C287E0088C0A2 /* Haptics.swift */; };
		543B55CD274ECD8A0068F804 /* FooterImage.swift in Sources */ = {isa = PBXBuildFile; fileRef = 543B55CC274ECD8A0068F804 /* FooterImage.swift */; };
		5473CD362838FCD900F8B7C8 /* ZoomableScrollView.swift in Sources */ = {isa = PBXBuildFile; fileRef = 5473CD352838FCD900F8B7C8 /* ZoomableScrollView.swift */; };
		5474DBA12745436500A897AC /* CheckMarkView.swift in Sources */ = {isa = PBXBuildFile; fileRef = 5474DBA02745436500A897AC /* CheckMarkView.swift */; };
		5474DBA427456E5100A897AC /* SwiftUINavigationBarStyling in Frameworks */ = {isa = PBXBuildFile; productRef = 5474DBA327456E5100A897AC /* SwiftUINavigationBarStyling */; };
		5487294C2747512D0070CC22 /* BudgetView.swift in Sources */ = {isa = PBXBuildFile; fileRef = 5487294B2747512D0070CC22 /* BudgetView.swift */; };
		5487294E274753770070CC22 /* ProjectOnboardView.swift in Sources */ = {isa = PBXBuildFile; fileRef = 5487294D274753770070CC22 /* ProjectOnboardView.swift */; };
		5498B0CF2837E7CE00FA814D /* PhotoAlbumView.swift in Sources */ = {isa = PBXBuildFile; fileRef = 5498B0CE2837E7CE00FA814D /* PhotoAlbumView.swift */; };
		5498B0D12837E88900FA814D /* PhotoPicker.swift in Sources */ = {isa = PBXBuildFile; fileRef = 5498B0D02837E88900FA814D /* PhotoPicker.swift */; };
		5498B0D42837F4B200FA814D /* SDWebImageSwiftUI in Frameworks */ = {isa = PBXBuildFile; productRef = 5498B0D32837F4B200FA814D /* SDWebImageSwiftUI */; };
		54BD4D2D27F6632400A2FBB7 /* Localizable.stringsdict in Resources */ = {isa = PBXBuildFile; fileRef = 54BD4D2F27F6632400A2FBB7 /* Localizable.stringsdict */; };
		54BD4D3127F6634900A2FBB7 /* Localizable.strings in Resources */ = {isa = PBXBuildFile; fileRef = 54BD4D3327F6634900A2FBB7 /* Localizable.strings */; };
		54CE3B182746B1F300274254 /* SquareCompletionView.swift in Sources */ = {isa = PBXBuildFile; fileRef = 54CE3B172746B1F300274254 /* SquareCompletionView.swift */; };
		54CE3B1A2746DA5E00274254 /* ProfileScreenView.swift in Sources */ = {isa = PBXBuildFile; fileRef = 54CE3B192746DA5E00274254 /* ProfileScreenView.swift */; };
		54D923B8274D83C60051E83F /* CompletionView.swift in Sources */ = {isa = PBXBuildFile; fileRef = 54D923B7274D83C60051E83F /* CompletionView.swift */; };
		54D923BA274DEAF60051E83F /* TutorialView.swift in Sources */ = {isa = PBXBuildFile; fileRef = 54D923B9274DEAF60051E83F /* TutorialView.swift */; };
		54E7EE02278F8200005C164D /* ProjectView.swift in Sources */ = {isa = PBXBuildFile; fileRef = 54E7EE01278F81FF005C164D /* ProjectView.swift */; };
		54E7EE04278F82EB005C164D /* AddProjectView.swift in Sources */ = {isa = PBXBuildFile; fileRef = 54E7EE03278F82EB005C164D /* AddProjectView.swift */; };
		54E7EE07278FAD0A005C164D /* homerepair.xcdatamodeld in Sources */ = {isa = PBXBuildFile; fileRef = 54E7EE05278FAD0A005C164D /* homerepair.xcdatamodeld */; };
		54E7EE09278FAE8E005C164D /* CoreDataManager.swift in Sources */ = {isa = PBXBuildFile; fileRef = 54E7EE08278FAE8E005C164D /* CoreDataManager.swift */; };
		54E7EE0B279065EC005C164D /* Data.swift in Sources */ = {isa = PBXBuildFile; fileRef = 54E7EE0A279065EC005C164D /* Data.swift */; };
		54E7EE2C2791A9B6005C164D /* NotesView.swift in Sources */ = {isa = PBXBuildFile; fileRef = 54E7EE2B2791A9B6005C164D /* NotesView.swift */; };
		54E7EE2F2791ADDC005C164D /* NotesList.swift in Sources */ = {isa = PBXBuildFile; fileRef = 54E7EE2E2791ADDC005C164D /* NotesList.swift */; };
		54F9AE6D2742F73C00F09248 /* HomeRepairNavigatorApp.swift in Sources */ = {isa = PBXBuildFile; fileRef = 54F9AE6C2742F73C00F09248 /* HomeRepairNavigatorApp.swift */; };
		54F9AE6F2742F73C00F09248 /* ContentView.swift in Sources */ = {isa = PBXBuildFile; fileRef = 54F9AE6E2742F73C00F09248 /* ContentView.swift */; };
		54F9AE712742F73F00F09248 /* Assets.xcassets in Resources */ = {isa = PBXBuildFile; fileRef = 54F9AE702742F73F00F09248 /* Assets.xcassets */; };
		54F9AE742742F73F00F09248 /* Preview Assets.xcassets in Resources */ = {isa = PBXBuildFile; fileRef = 54F9AE732742F73F00F09248 /* Preview Assets.xcassets */; };
		54F9AE7B2742F79900F09248 /* WelcomeScreen.swift in Sources */ = {isa = PBXBuildFile; fileRef = 54F9AE7A2742F79900F09248 /* WelcomeScreen.swift */; };
		54F9AE7E2742F97F00F09248 /* Buttons.swift in Sources */ = {isa = PBXBuildFile; fileRef = 54F9AE7D2742F97F00F09248 /* Buttons.swift */; };
		54F9AE812742FA1C00F09248 /* AgreementView.swift in Sources */ = {isa = PBXBuildFile; fileRef = 54F9AE802742FA1C00F09248 /* AgreementView.swift */; };
		54F9AE832742FBAB00F09248 /* BeforeProject.swift in Sources */ = {isa = PBXBuildFile; fileRef = 54F9AE822742FBAB00F09248 /* BeforeProject.swift */; };
		54F9AE86274359C600F09248 /* ProjectRowView.swift in Sources */ = {isa = PBXBuildFile; fileRef = 54F9AE85274359C600F09248 /* ProjectRowView.swift */; };
		54F9AE8827435BE400F09248 /* InfoOverLay.swift in Sources */ = {isa = PBXBuildFile; fileRef = 54F9AE8727435BE400F09248 /* InfoOverLay.swift */; };
/* End PBXBuildFile section */

/* Begin PBXFileReference section */
		540B80A92743E78200414BE6 /* DuringProject.swift */ = {isa = PBXFileReference; lastKnownFileType = sourcecode.swift; path = DuringProject.swift; sourceTree = "<group>"; };
		540B80AC2743E89700414BE6 /* AfterProject.swift */ = {isa = PBXFileReference; lastKnownFileType = sourcecode.swift; path = AfterProject.swift; sourceTree = "<group>"; };
		540B80AE27442BA500414BE6 /* InfoSheet.swift */ = {isa = PBXFileReference; lastKnownFileType = sourcecode.swift; path = InfoSheet.swift; sourceTree = "<group>"; };
		540B80B4274430FD00414BE6 /* LottieView.swift */ = {isa = PBXFileReference; fileEncoding = 4; lastKnownFileType = sourcecode.swift; path = LottieView.swift; sourceTree = "<group>"; };
		540B80B62744319000414BE6 /* 11202-information.json */ = {isa = PBXFileReference; fileEncoding = 4; lastKnownFileType = text.json; path = "11202-information.json"; sourceTree = "<group>"; };
		540B80B82744325100414BE6 /* TabBar.swift */ = {isa = PBXFileReference; lastKnownFileType = sourcecode.swift; path = TabBar.swift; sourceTree = "<group>"; };
		540B80BA274439B300414BE6 /* Settings.swift */ = {isa = PBXFileReference; lastKnownFileType = sourcecode.swift; path = Settings.swift; sourceTree = "<group>"; };
		540B80C327444A4400414BE6 /* ProjectTypeView.swift */ = {isa = PBXFileReference; lastKnownFileType = sourcecode.swift; path = ProjectTypeView.swift; sourceTree = "<group>"; };
		540B80C527444E8900414BE6 /* IconView.swift */ = {isa = PBXFileReference; fileEncoding = 4; lastKnownFileType = sourcecode.swift; path = IconView.swift; sourceTree = "<group>"; };
		54143B20274BEFCD0088C0A2 /* TelemtryData.swift */ = {isa = PBXFileReference; lastKnownFileType = sourcecode.swift; path = TelemtryData.swift; sourceTree = "<group>"; };
		54143B22274C1CA20088C0A2 /* AboutView.swift */ = {isa = PBXFileReference; lastKnownFileType = sourcecode.swift; path = AboutView.swift; sourceTree = "<group>"; };
		54143B24274C220C0088C0A2 /* ConfirmationScreen.swift */ = {isa = PBXFileReference; lastKnownFileType = sourcecode.swift; path = ConfirmationScreen.swift; sourceTree = "<group>"; };
		54143B26274C22640088C0A2 /* 42564-thanks-button.json */ = {isa = PBXFileReference; fileEncoding = 4; lastKnownFileType = text.json; path = "42564-thanks-button.json"; sourceTree = "<group>"; };
		54143B28274C287E0088C0A2 /* Haptics.swift */ = {isa = PBXFileReference; lastKnownFileType = sourcecode.swift; path = Haptics.swift; sourceTree = "<group>"; };
		543B55CB274ECC6C0068F804 /* ReadMe.md */ = {isa = PBXFileReference; lastKnownFileType = net.daringfireball.markdown; path = ReadMe.md; sourceTree = "<group>"; };
		543B55CC274ECD8A0068F804 /* FooterImage.swift */ = {isa = PBXFileReference; lastKnownFileType = sourcecode.swift; path = FooterImage.swift; sourceTree = "<group>"; };
		5473CD352838FCD900F8B7C8 /* ZoomableScrollView.swift */ = {isa = PBXFileReference; lastKnownFileType = sourcecode.swift; path = ZoomableScrollView.swift; sourceTree = "<group>"; };
		5474DBA02745436500A897AC /* CheckMarkView.swift */ = {isa = PBXFileReference; lastKnownFileType = sourcecode.swift; path = CheckMarkView.swift; sourceTree = "<group>"; };
		5487294B2747512D0070CC22 /* BudgetView.swift */ = {isa = PBXFileReference; lastKnownFileType = sourcecode.swift; path = BudgetView.swift; sourceTree = "<group>"; };
		5487294D274753770070CC22 /* ProjectOnboardView.swift */ = {isa = PBXFileReference; lastKnownFileType = sourcecode.swift; path = ProjectOnboardView.swift; sourceTree = "<group>"; };
		5498B0CE2837E7CE00FA814D /* PhotoAlbumView.swift */ = {isa = PBXFileReference; lastKnownFileType = sourcecode.swift; path = PhotoAlbumView.swift; sourceTree = "<group>"; };
		5498B0D02837E88900FA814D /* PhotoPicker.swift */ = {isa = PBXFileReference; lastKnownFileType = sourcecode.swift; path = PhotoPicker.swift; sourceTree = "<group>"; };
		54BD4D3027F6633500A2FBB7 /* es */ = {isa = PBXFileReference; lastKnownFileType = text.plist.stringsdict; name = es; path = es.lproj/Localizable.stringsdict; sourceTree = "<group>"; };
		54BD4D3227F6634900A2FBB7 /* en */ = {isa = PBXFileReference; lastKnownFileType = text.plist.strings; name = en; path = en.lproj/Localizable.strings; sourceTree = "<group>"; };
		54BD4D3427F6634C00A2FBB7 /* es */ = {isa = PBXFileReference; lastKnownFileType = text.plist.strings; name = es; path = es.lproj/Localizable.strings; sourceTree = "<group>"; };
		54CE3B172746B1F300274254 /* SquareCompletionView.swift */ = {isa = PBXFileReference; lastKnownFileType = sourcecode.swift; path = SquareCompletionView.swift; sourceTree = "<group>"; };
		54CE3B192746DA5E00274254 /* ProfileScreenView.swift */ = {isa = PBXFileReference; lastKnownFileType = sourcecode.swift; path = ProfileScreenView.swift; sourceTree = "<group>"; };
		54D923B7274D83C60051E83F /* CompletionView.swift */ = {isa = PBXFileReference; lastKnownFileType = sourcecode.swift; path = CompletionView.swift; sourceTree = "<group>"; };
		54D923B9274DEAF60051E83F /* TutorialView.swift */ = {isa = PBXFileReference; lastKnownFileType = sourcecode.swift; path = TutorialView.swift; sourceTree = "<group>"; };
		54E7EE01278F81FF005C164D /* ProjectView.swift */ = {isa = PBXFileReference; lastKnownFileType = sourcecode.swift; path = ProjectView.swift; sourceTree = "<group>"; };
		54E7EE03278F82EB005C164D /* AddProjectView.swift */ = {isa = PBXFileReference; lastKnownFileType = sourcecode.swift; path = AddProjectView.swift; sourceTree = "<group>"; };
		54E7EE06278FAD0A005C164D /* homerepair.xcdatamodel */ = {isa = PBXFileReference; lastKnownFileType = wrapper.xcdatamodel; path = homerepair.xcdatamodel; sourceTree = "<group>"; };
		54E7EE08278FAE8E005C164D /* CoreDataManager.swift */ = {isa = PBXFileReference; lastKnownFileType = sourcecode.swift; path = CoreDataManager.swift; sourceTree = "<group>"; };
		54E7EE0A279065EC005C164D /* Data.swift */ = {isa = PBXFileReference; lastKnownFileType = sourcecode.swift; path = Data.swift; sourceTree = "<group>"; };
		54E7EE2B2791A9B6005C164D /* NotesView.swift */ = {isa = PBXFileReference; lastKnownFileType = sourcecode.swift; path = NotesView.swift; sourceTree = "<group>"; };
		54E7EE2E2791ADDC005C164D /* NotesList.swift */ = {isa = PBXFileReference; lastKnownFileType = sourcecode.swift; path = NotesList.swift; sourceTree = "<group>"; };
		54F9AE692742F73C00F09248 /* HomeRepairHelper.app */ = {isa = PBXFileReference; explicitFileType = wrapper.application; includeInIndex = 0; path = HomeRepairHelper.app; sourceTree = BUILT_PRODUCTS_DIR; };
		54F9AE6C2742F73C00F09248 /* HomeRepairNavigatorApp.swift */ = {isa = PBXFileReference; lastKnownFileType = sourcecode.swift; path = HomeRepairNavigatorApp.swift; sourceTree = "<group>"; };
		54F9AE6E2742F73C00F09248 /* ContentView.swift */ = {isa = PBXFileReference; lastKnownFileType = sourcecode.swift; path = ContentView.swift; sourceTree = "<group>"; };
		54F9AE702742F73F00F09248 /* Assets.xcassets */ = {isa = PBXFileReference; lastKnownFileType = folder.assetcatalog; path = Assets.xcassets; sourceTree = "<group>"; };
		54F9AE732742F73F00F09248 /* Preview Assets.xcassets */ = {isa = PBXFileReference; lastKnownFileType = folder.assetcatalog; path = "Preview Assets.xcassets"; sourceTree = "<group>"; };
		54F9AE7A2742F79900F09248 /* WelcomeScreen.swift */ = {isa = PBXFileReference; lastKnownFileType = sourcecode.swift; path = WelcomeScreen.swift; sourceTree = "<group>"; };
		54F9AE7D2742F97F00F09248 /* Buttons.swift */ = {isa = PBXFileReference; lastKnownFileType = sourcecode.swift; path = Buttons.swift; sourceTree = "<group>"; };
		54F9AE802742FA1C00F09248 /* AgreementView.swift */ = {isa = PBXFileReference; lastKnownFileType = sourcecode.swift; path = AgreementView.swift; sourceTree = "<group>"; };
		54F9AE822742FBAB00F09248 /* BeforeProject.swift */ = {isa = PBXFileReference; lastKnownFileType = sourcecode.swift; path = BeforeProject.swift; sourceTree = "<group>"; };
		54F9AE85274359C600F09248 /* ProjectRowView.swift */ = {isa = PBXFileReference; lastKnownFileType = sourcecode.swift; path = ProjectRowView.swift; sourceTree = "<group>"; };
		54F9AE8727435BE400F09248 /* InfoOverLay.swift */ = {isa = PBXFileReference; lastKnownFileType = sourcecode.swift; path = InfoOverLay.swift; sourceTree = "<group>"; };
/* End PBXFileReference section */

/* Begin PBXFrameworksBuildPhase section */
		54F9AE662742F73C00F09248 /* Frameworks */ = {
			isa = PBXFrameworksBuildPhase;
			buildActionMask = 2147483647;
			files = (
				5498B0D42837F4B200FA814D /* SDWebImageSwiftUI in Frameworks */,
				540B80B2274430E200414BE6 /* Lottie in Frameworks */,
				54143B1E274BED050088C0A2 /* TelemetryClient in Frameworks */,
				5474DBA427456E5100A897AC /* SwiftUINavigationBarStyling in Frameworks */,
			);
			runOnlyForDeploymentPostprocessing = 0;
		};
/* End PBXFrameworksBuildPhase section */

/* Begin PBXGroup section */
		540B80B3274430EA00414BE6 /* Lottie */ = {
			isa = PBXGroup;
			children = (
				54143B26274C22640088C0A2 /* 42564-thanks-button.json */,
				540B80B62744319000414BE6 /* 11202-information.json */,
				540B80B4274430FD00414BE6 /* LottieView.swift */,
			);
			path = Lottie;
			sourceTree = "<group>";
		};
		5487294F2747537C0070CC22 /* ProjectOnboard */ = {
			isa = PBXGroup;
			children = (
				5487294D274753770070CC22 /* ProjectOnboardView.swift */,
				540B80C327444A4400414BE6 /* ProjectTypeView.swift */,
				5487294B2747512D0070CC22 /* BudgetView.swift */,
				54CE3B192746DA5E00274254 /* ProfileScreenView.swift */,
				54143B22274C1CA20088C0A2 /* AboutView.swift */,
			);
			path = ProjectOnboard;
			sourceTree = "<group>";
		};
		54A76CC728370B3400474385 /* Views */ = {
			isa = PBXGroup;
			children = (
				540B80AC2743E89700414BE6 /* AfterProject.swift */,
				54F9AE822742FBAB00F09248 /* BeforeProject.swift */,
				540B80A92743E78200414BE6 /* DuringProject.swift */,
				540B80B82744325100414BE6 /* TabBar.swift */,
				540B80BA274439B300414BE6 /* Settings.swift */,
				54F9AE7C2742F97500F09248 /* HelperViews */,
				54F9AE7F2742F9F100F09248 /* LoadingScreens */,
				54D923B6274D839A0051E83F /* CompletionScreens */,
				54E7EE00278F819B005C164D /* Project */,
				5487294F2747537C0070CC22 /* ProjectOnboard */,
				54E7EE2D2791ADB6005C164D /* Notes */,
				5498B0CE2837E7CE00FA814D /* PhotoAlbumView.swift */,
				5498B0D02837E88900FA814D /* PhotoPicker.swift */,
			);
			path = Views;
			sourceTree = "<group>";
		};
		54A76CC828370B8A00474385 /* ViewModel */ = {
			isa = PBXGroup;
			children = (
				54E7EE08278FAE8E005C164D /* CoreDataManager.swift */,
				54143B28274C287E0088C0A2 /* Haptics.swift */,
				54143B20274BEFCD0088C0A2 /* TelemtryData.swift */,
				540B80B3274430EA00414BE6 /* Lottie */,
				5473CD352838FCD900F8B7C8 /* ZoomableScrollView.swift */,
			);
			path = ViewModel;
			sourceTree = "<group>";
		};
		54A76CC928370B9500474385 /* Models */ = {
			isa = PBXGroup;
			children = (
				54E7EE0A279065EC005C164D /* Data.swift */,
			);
			path = Models;
			sourceTree = "<group>";
		};
		54A76CCA28370BA000474385 /* Localization */ = {
			isa = PBXGroup;
			children = (
				54BD4D2F27F6632400A2FBB7 /* Localizable.stringsdict */,
				54BD4D3327F6634900A2FBB7 /* Localizable.strings */,
			);
			path = Localization;
			sourceTree = "<group>";
		};
		54D923B6274D839A0051E83F /* CompletionScreens */ = {
			isa = PBXGroup;
			children = (
				54143B24274C220C0088C0A2 /* ConfirmationScreen.swift */,
				54D923B7274D83C60051E83F /* CompletionView.swift */,
			);
			path = CompletionScreens;
			sourceTree = "<group>";
		};
		54E7EE00278F819B005C164D /* Project */ = {
			isa = PBXGroup;
			children = (
				54E7EE01278F81FF005C164D /* ProjectView.swift */,
				54E7EE03278F82EB005C164D /* AddProjectView.swift */,
			);
			path = Project;
			sourceTree = "<group>";
		};
		54E7EE2D2791ADB6005C164D /* Notes */ = {
			isa = PBXGroup;
			children = (
				54E7EE2B2791A9B6005C164D /* NotesView.swift */,
				54E7EE2E2791ADDC005C164D /* NotesList.swift */,
			);
			path = Notes;
			sourceTree = "<group>";
		};
		54F9AE602742F73C00F09248 = {
			isa = PBXGroup;
			children = (
				54F9AE6B2742F73C00F09248 /* HomeRepairHelper */,
				54F9AE6A2742F73C00F09248 /* Products */,
			);
			sourceTree = "<group>";
		};
		54F9AE6A2742F73C00F09248 /* Products */ = {
			isa = PBXGroup;
			children = (
				54F9AE692742F73C00F09248 /* HomeRepairHelper.app */,
			);
			name = Products;
			sourceTree = "<group>";
		};
		54F9AE6B2742F73C00F09248 /* HomeRepairHelper */ = {
			isa = PBXGroup;
			children = (
				54A76CCA28370BA000474385 /* Localization */,
				54A76CC928370B9500474385 /* Models */,
				54A76CC828370B8A00474385 /* ViewModel */,
				54A76CC728370B3400474385 /* Views */,
				54F9AE6C2742F73C00F09248 /* HomeRepairNavigatorApp.swift */,
				54F9AE6E2742F73C00F09248 /* ContentView.swift */,
				54F9AE702742F73F00F09248 /* Assets.xcassets */,
				54F9AE722742F73F00F09248 /* Preview Content */,
				543B55CB274ECC6C0068F804 /* ReadMe.md */,
				54E7EE05278FAD0A005C164D /* homerepair.xcdatamodeld */,
			);
			path = HomeRepairHelper;
			sourceTree = "<group>";
		};
		54F9AE722742F73F00F09248 /* Preview Content */ = {
			isa = PBXGroup;
			children = (
				54F9AE732742F73F00F09248 /* Preview Assets.xcassets */,
			);
			path = "Preview Content";
			sourceTree = "<group>";
		};
		54F9AE7C2742F97500F09248 /* HelperViews */ = {
			isa = PBXGroup;
			children = (
				54F9AE85274359C600F09248 /* ProjectRowView.swift */,
				54F9AE7D2742F97F00F09248 /* Buttons.swift */,
				540B80C527444E8900414BE6 /* IconView.swift */,
				54F9AE8727435BE400F09248 /* InfoOverLay.swift */,
				540B80AE27442BA500414BE6 /* InfoSheet.swift */,
				5474DBA02745436500A897AC /* CheckMarkView.swift */,
				54CE3B172746B1F300274254 /* SquareCompletionView.swift */,
				543B55CC274ECD8A0068F804 /* FooterImage.swift */,
			);
			path = HelperViews;
			sourceTree = "<group>";
		};
		54F9AE7F2742F9F100F09248 /* LoadingScreens */ = {
			isa = PBXGroup;
			children = (
				54D923B9274DEAF60051E83F /* TutorialView.swift */,
				54F9AE7A2742F79900F09248 /* WelcomeScreen.swift */,
				54F9AE802742FA1C00F09248 /* AgreementView.swift */,
			);
			path = LoadingScreens;
			sourceTree = "<group>";
		};
/* End PBXGroup section */

/* Begin PBXNativeTarget section */
		54F9AE682742F73C00F09248 /* HomeRepairHelper */ = {
			isa = PBXNativeTarget;
			buildConfigurationList = 54F9AE772742F73F00F09248 /* Build configuration list for PBXNativeTarget "HomeRepairHelper" */;
			buildPhases = (
				54F9AE652742F73C00F09248 /* Sources */,
				54F9AE662742F73C00F09248 /* Frameworks */,
				54F9AE672742F73C00F09248 /* Resources */,
			);
			buildRules = (
			);
			dependencies = (
			);
			name = HomeRepairHelper;
			packageProductDependencies = (
				540B80B1274430E200414BE6 /* Lottie */,
				5474DBA327456E5100A897AC /* SwiftUINavigationBarStyling */,
				54143B1D274BED050088C0A2 /* TelemetryClient */,
				5498B0D32837F4B200FA814D /* SDWebImageSwiftUI */,
			);
			productName = HomeRepairNavigator;
			productReference = 54F9AE692742F73C00F09248 /* HomeRepairHelper.app */;
			productType = "com.apple.product-type.application";
		};
/* End PBXNativeTarget section */

/* Begin PBXProject section */
		54F9AE612742F73C00F09248 /* Project object */ = {
			isa = PBXProject;
			attributes = {
				BuildIndependentTargetsInParallel = 1;
				LastSwiftUpdateCheck = 1310;
				LastUpgradeCheck = 1310;
				TargetAttributes = {
					54F9AE682742F73C00F09248 = {
						CreatedOnToolsVersion = 13.1;
					};
				};
			};
			buildConfigurationList = 54F9AE642742F73C00F09248 /* Build configuration list for PBXProject "HomeRepairHelper" */;
			compatibilityVersion = "Xcode 13.0";
			developmentRegion = en;
			hasScannedForEncodings = 0;
			knownRegions = (
				en,
				Base,
				es,
			);
			mainGroup = 54F9AE602742F73C00F09248;
			packageReferences = (
				540B80B0274430E200414BE6 /* XCRemoteSwiftPackageReference "lottie-ios" */,
				5474DBA227456E5100A897AC /* XCRemoteSwiftPackageReference "swiftui-navigation-bar-styling" */,
				54143B1C274BED050088C0A2 /* XCRemoteSwiftPackageReference "SwiftClient" */,
				5498B0D22837F4B200FA814D /* XCRemoteSwiftPackageReference "SDWebImageSwiftUI" */,
			);
			productRefGroup = 54F9AE6A2742F73C00F09248 /* Products */;
			projectDirPath = "";
			projectRoot = "";
			targets = (
				54F9AE682742F73C00F09248 /* HomeRepairHelper */,
			);
		};
/* End PBXProject section */

/* Begin PBXResourcesBuildPhase section */
		54F9AE672742F73C00F09248 /* Resources */ = {
			isa = PBXResourcesBuildPhase;
			buildActionMask = 2147483647;
			files = (
				54143B27274C22640088C0A2 /* 42564-thanks-button.json in Resources */,
				54BD4D3127F6634900A2FBB7 /* Localizable.strings in Resources */,
				540B80B72744319000414BE6 /* 11202-information.json in Resources */,
				54F9AE742742F73F00F09248 /* Preview Assets.xcassets in Resources */,
				54BD4D2D27F6632400A2FBB7 /* Localizable.stringsdict in Resources */,
				54F9AE712742F73F00F09248 /* Assets.xcassets in Resources */,
			);
			runOnlyForDeploymentPostprocessing = 0;
		};
/* End PBXResourcesBuildPhase section */

/* Begin PBXSourcesBuildPhase section */
		54F9AE652742F73C00F09248 /* Sources */ = {
			isa = PBXSourcesBuildPhase;
			buildActionMask = 2147483647;
			files = (
				5473CD362838FCD900F8B7C8 /* ZoomableScrollView.swift in Sources */,
				54E7EE04278F82EB005C164D /* AddProjectView.swift in Sources */,
				54D923B8274D83C60051E83F /* CompletionView.swift in Sources */,
				54CE3B1A2746DA5E00274254 /* ProfileScreenView.swift in Sources */,
				54D923BA274DEAF60051E83F /* TutorialView.swift in Sources */,
				54E7EE0B279065EC005C164D /* Data.swift in Sources */,
				54143B21274BEFCD0088C0A2 /* TelemtryData.swift in Sources */,
				540B80AF27442BA500414BE6 /* InfoSheet.swift in Sources */,
				54E7EE02278F8200005C164D /* ProjectView.swift in Sources */,
				540B80AA2743E78200414BE6 /* DuringProject.swift in Sources */,
				543B55CD274ECD8A0068F804 /* FooterImage.swift in Sources */,
				54F9AE7B2742F79900F09248 /* WelcomeScreen.swift in Sources */,
				54F9AE6F2742F73C00F09248 /* ContentView.swift in Sources */,
				5487294E274753770070CC22 /* ProjectOnboardView.swift in Sources */,
				540B80BB274439B300414BE6 /* Settings.swift in Sources */,
				5474DBA12745436500A897AC /* CheckMarkView.swift in Sources */,
				54E7EE09278FAE8E005C164D /* CoreDataManager.swift in Sources */,
				54F9AE8827435BE400F09248 /* InfoOverLay.swift in Sources */,
				5498B0CF2837E7CE00FA814D /* PhotoAlbumView.swift in Sources */,
				540B80AD2743E89700414BE6 /* AfterProject.swift in Sources */,
				54E7EE07278FAD0A005C164D /* homerepair.xcdatamodeld in Sources */,
				5487294C2747512D0070CC22 /* BudgetView.swift in Sources */,
				54F9AE832742FBAB00F09248 /* BeforeProject.swift in Sources */,
				54F9AE6D2742F73C00F09248 /* HomeRepairNavigatorApp.swift in Sources */,
				54F9AE86274359C600F09248 /* ProjectRowView.swift in Sources */,
				540B80B92744325100414BE6 /* TabBar.swift in Sources */,
				54F9AE812742FA1C00F09248 /* AgreementView.swift in Sources */,
				54E7EE2F2791ADDC005C164D /* NotesList.swift in Sources */,
				54143B23274C1CA20088C0A2 /* AboutView.swift in Sources */,
				54F9AE7E2742F97F00F09248 /* Buttons.swift in Sources */,
				54CE3B182746B1F300274254 /* SquareCompletionView.swift in Sources */,
				54E7EE2C2791A9B6005C164D /* NotesView.swift in Sources */,
				54143B25274C220C0088C0A2 /* ConfirmationScreen.swift in Sources */,
				540B80C627444E8900414BE6 /* IconView.swift in Sources */,
				54143B29274C287E0088C0A2 /* Haptics.swift in Sources */,
				540B80B5274430FD00414BE6 /* LottieView.swift in Sources */,
				5498B0D12837E88900FA814D /* PhotoPicker.swift in Sources */,
				540B80C427444A4400414BE6 /* ProjectTypeView.swift in Sources */,
			);
			runOnlyForDeploymentPostprocessing = 0;
		};
/* End PBXSourcesBuildPhase section */

/* Begin PBXVariantGroup section */
		54BD4D2F27F6632400A2FBB7 /* Localizable.stringsdict */ = {
			isa = PBXVariantGroup;
			children = (
				54BD4D3027F6633500A2FBB7 /* es */,
			);
			name = Localizable.stringsdict;
			sourceTree = "<group>";
		};
		54BD4D3327F6634900A2FBB7 /* Localizable.strings */ = {
			isa = PBXVariantGroup;
			children = (
				54BD4D3227F6634900A2FBB7 /* en */,
				54BD4D3427F6634C00A2FBB7 /* es */,
			);
			name = Localizable.strings;
			sourceTree = "<group>";
		};
/* End PBXVariantGroup section */

/* Begin XCBuildConfiguration section */
		54F9AE752742F73F00F09248 /* Debug */ = {
			isa = XCBuildConfiguration;
			buildSettings = {
				ALWAYS_SEARCH_USER_PATHS = NO;
				CLANG_ANALYZER_NONNULL = YES;
				CLANG_ANALYZER_NUMBER_OBJECT_CONVERSION = YES_AGGRESSIVE;
				CLANG_CXX_LANGUAGE_STANDARD = "gnu++17";
				CLANG_CXX_LIBRARY = "libc++";
				CLANG_ENABLE_MODULES = YES;
				CLANG_ENABLE_OBJC_ARC = YES;
				CLANG_ENABLE_OBJC_WEAK = YES;
				CLANG_WARN_BLOCK_CAPTURE_AUTORELEASING = YES;
				CLANG_WARN_BOOL_CONVERSION = YES;
				CLANG_WARN_COMMA = YES;
				CLANG_WARN_CONSTANT_CONVERSION = YES;
				CLANG_WARN_DEPRECATED_OBJC_IMPLEMENTATIONS = YES;
				CLANG_WARN_DIRECT_OBJC_ISA_USAGE = YES_ERROR;
				CLANG_WARN_DOCUMENTATION_COMMENTS = YES;
				CLANG_WARN_EMPTY_BODY = YES;
				CLANG_WARN_ENUM_CONVERSION = YES;
				CLANG_WARN_INFINITE_RECURSION = YES;
				CLANG_WARN_INT_CONVERSION = YES;
				CLANG_WARN_NON_LITERAL_NULL_CONVERSION = YES;
				CLANG_WARN_OBJC_IMPLICIT_RETAIN_SELF = YES;
				CLANG_WARN_OBJC_LITERAL_CONVERSION = YES;
				CLANG_WARN_OBJC_ROOT_CLASS = YES_ERROR;
				CLANG_WARN_QUOTED_INCLUDE_IN_FRAMEWORK_HEADER = YES;
				CLANG_WARN_RANGE_LOOP_ANALYSIS = YES;
				CLANG_WARN_STRICT_PROTOTYPES = YES;
				CLANG_WARN_SUSPICIOUS_MOVE = YES;
				CLANG_WARN_UNGUARDED_AVAILABILITY = YES_AGGRESSIVE;
				CLANG_WARN_UNREACHABLE_CODE = YES;
				CLANG_WARN__DUPLICATE_METHOD_MATCH = YES;
				COPY_PHASE_STRIP = NO;
				DEBUG_INFORMATION_FORMAT = dwarf;
				ENABLE_STRICT_OBJC_MSGSEND = YES;
				ENABLE_TESTABILITY = YES;
				GCC_C_LANGUAGE_STANDARD = gnu11;
				GCC_DYNAMIC_NO_PIC = NO;
				GCC_NO_COMMON_BLOCKS = YES;
				GCC_OPTIMIZATION_LEVEL = 0;
				GCC_PREPROCESSOR_DEFINITIONS = (
					"DEBUG=1",
					"$(inherited)",
				);
				GCC_WARN_64_TO_32_BIT_CONVERSION = YES;
				GCC_WARN_ABOUT_RETURN_TYPE = YES_ERROR;
				GCC_WARN_UNDECLARED_SELECTOR = YES;
				GCC_WARN_UNINITIALIZED_AUTOS = YES_AGGRESSIVE;
				GCC_WARN_UNUSED_FUNCTION = YES;
				GCC_WARN_UNUSED_VARIABLE = YES;
				INFOPLIST_KEY_CFBundleDisplayName = "Home&#x2007;Repair&#x2007;Helper";
				IPHONEOS_DEPLOYMENT_TARGET = 14.4;
				MTL_ENABLE_DEBUG_INFO = INCLUDE_SOURCE;
				MTL_FAST_MATH = YES;
				ONLY_ACTIVE_ARCH = YES;
				SDKROOT = iphoneos;
				SWIFT_ACTIVE_COMPILATION_CONDITIONS = DEBUG;
				SWIFT_EMIT_LOC_STRINGS = YES;
				SWIFT_OPTIMIZATION_LEVEL = "-Onone";
			};
			name = Debug;
		};
		54F9AE762742F73F00F09248 /* Release */ = {
			isa = XCBuildConfiguration;
			buildSettings = {
				ALWAYS_SEARCH_USER_PATHS = NO;
				CLANG_ANALYZER_NONNULL = YES;
				CLANG_ANALYZER_NUMBER_OBJECT_CONVERSION = YES_AGGRESSIVE;
				CLANG_CXX_LANGUAGE_STANDARD = "gnu++17";
				CLANG_CXX_LIBRARY = "libc++";
				CLANG_ENABLE_MODULES = YES;
				CLANG_ENABLE_OBJC_ARC = YES;
				CLANG_ENABLE_OBJC_WEAK = YES;
				CLANG_WARN_BLOCK_CAPTURE_AUTORELEASING = YES;
				CLANG_WARN_BOOL_CONVERSION = YES;
				CLANG_WARN_COMMA = YES;
				CLANG_WARN_CONSTANT_CONVERSION = YES;
				CLANG_WARN_DEPRECATED_OBJC_IMPLEMENTATIONS = YES;
				CLANG_WARN_DIRECT_OBJC_ISA_USAGE = YES_ERROR;
				CLANG_WARN_DOCUMENTATION_COMMENTS = YES;
				CLANG_WARN_EMPTY_BODY = YES;
				CLANG_WARN_ENUM_CONVERSION = YES;
				CLANG_WARN_INFINITE_RECURSION = YES;
				CLANG_WARN_INT_CONVERSION = YES;
				CLANG_WARN_NON_LITERAL_NULL_CONVERSION = YES;
				CLANG_WARN_OBJC_IMPLICIT_RETAIN_SELF = YES;
				CLANG_WARN_OBJC_LITERAL_CONVERSION = YES;
				CLANG_WARN_OBJC_ROOT_CLASS = YES_ERROR;
				CLANG_WARN_QUOTED_INCLUDE_IN_FRAMEWORK_HEADER = YES;
				CLANG_WARN_RANGE_LOOP_ANALYSIS = YES;
				CLANG_WARN_STRICT_PROTOTYPES = YES;
				CLANG_WARN_SUSPICIOUS_MOVE = YES;
				CLANG_WARN_UNGUARDED_AVAILABILITY = YES_AGGRESSIVE;
				CLANG_WARN_UNREACHABLE_CODE = YES;
				CLANG_WARN__DUPLICATE_METHOD_MATCH = YES;
				COPY_PHASE_STRIP = NO;
				DEBUG_INFORMATION_FORMAT = "dwarf-with-dsym";
				ENABLE_NS_ASSERTIONS = NO;
				ENABLE_STRICT_OBJC_MSGSEND = YES;
				GCC_C_LANGUAGE_STANDARD = gnu11;
				GCC_NO_COMMON_BLOCKS = YES;
				GCC_WARN_64_TO_32_BIT_CONVERSION = YES;
				GCC_WARN_ABOUT_RETURN_TYPE = YES_ERROR;
				GCC_WARN_UNDECLARED_SELECTOR = YES;
				GCC_WARN_UNINITIALIZED_AUTOS = YES_AGGRESSIVE;
				GCC_WARN_UNUSED_FUNCTION = YES;
				GCC_WARN_UNUSED_VARIABLE = YES;
				INFOPLIST_KEY_CFBundleDisplayName = "Home&#x2007;Repair&#x2007;Helper";
				IPHONEOS_DEPLOYMENT_TARGET = 14.4;
				MTL_ENABLE_DEBUG_INFO = NO;
				MTL_FAST_MATH = YES;
				SDKROOT = iphoneos;
				SWIFT_COMPILATION_MODE = wholemodule;
				SWIFT_EMIT_LOC_STRINGS = YES;
				SWIFT_OPTIMIZATION_LEVEL = "-O";
				VALIDATE_PRODUCT = YES;
			};
			name = Release;
		};
		54F9AE782742F73F00F09248 /* Debug */ = {
			isa = XCBuildConfiguration;
			buildSettings = {
				ASSETCATALOG_COMPILER_APPICON_NAME = AppIcon;
				ASSETCATALOG_COMPILER_GLOBAL_ACCENT_COLOR_NAME = AccentColor;
				CODE_SIGN_STYLE = Automatic;
				CURRENT_PROJECT_VERSION = 2;
				DEVELOPMENT_ASSET_PATHS = "\"HomeRepairHelper/Preview Content\"";
				DEVELOPMENT_TEAM = 9A934JYXT5;
				ENABLE_PREVIEWS = YES;
				GENERATE_INFOPLIST_FILE = YES;
				INFOPLIST_KEY_CFBundleDisplayName = "Home Repair Helper";
				INFOPLIST_KEY_UIApplicationSceneManifest_Generation = YES;
				INFOPLIST_KEY_UIApplicationSupportsIndirectInputEvents = YES;
				INFOPLIST_KEY_UILaunchScreen_Generation = YES;
				INFOPLIST_KEY_UISupportedInterfaceOrientations_iPad = "UIInterfaceOrientationPortrait UIInterfaceOrientationPortraitUpsideDown UIInterfaceOrientationLandscapeLeft UIInterfaceOrientationLandscapeRight";
				INFOPLIST_KEY_UISupportedInterfaceOrientations_iPhone = "UIInterfaceOrientationPortrait UIInterfaceOrientationLandscapeLeft UIInterfaceOrientationLandscapeRight";
				LD_RUNPATH_SEARCH_PATHS = (
					"$(inherited)",
					"@executable_path/Frameworks",
				);
				MARKETING_VERSION = 2.5;
				PRODUCT_BUNDLE_IDENTIFIER = com.arby.HomeRepairNavigator;
				PRODUCT_NAME = "$(TARGET_NAME)";
				SWIFT_EMIT_LOC_STRINGS = YES;
				SWIFT_VERSION = 5.0;
				TARGETED_DEVICE_FAMILY = "1,2";
			};
			name = Debug;
		};
		54F9AE792742F73F00F09248 /* Release */ = {
			isa = XCBuildConfiguration;
			buildSettings = {
				ASSETCATALOG_COMPILER_APPICON_NAME = AppIcon;
				ASSETCATALOG_COMPILER_GLOBAL_ACCENT_COLOR_NAME = AccentColor;
				CODE_SIGN_STYLE = Automatic;
				CURRENT_PROJECT_VERSION = 2;
				DEVELOPMENT_ASSET_PATHS = "\"HomeRepairHelper/Preview Content\"";
				DEVELOPMENT_TEAM = 9A934JYXT5;
				ENABLE_PREVIEWS = YES;
				GENERATE_INFOPLIST_FILE = YES;
				INFOPLIST_KEY_CFBundleDisplayName = "Home Repair Helper";
				INFOPLIST_KEY_UIApplicationSceneManifest_Generation = YES;
				INFOPLIST_KEY_UIApplicationSupportsIndirectInputEvents = YES;
				INFOPLIST_KEY_UILaunchScreen_Generation = YES;
				INFOPLIST_KEY_UISupportedInterfaceOrientations_iPad = "UIInterfaceOrientationPortrait UIInterfaceOrientationPortraitUpsideDown UIInterfaceOrientationLandscapeLeft UIInterfaceOrientationLandscapeRight";
				INFOPLIST_KEY_UISupportedInterfaceOrientations_iPhone = "UIInterfaceOrientationPortrait UIInterfaceOrientationLandscapeLeft UIInterfaceOrientationLandscapeRight";
				LD_RUNPATH_SEARCH_PATHS = (
					"$(inherited)",
					"@executable_path/Frameworks",
				);
				MARKETING_VERSION = 2.5;
				PRODUCT_BUNDLE_IDENTIFIER = com.arby.HomeRepairNavigator;
				PRODUCT_NAME = "$(TARGET_NAME)";
				SWIFT_EMIT_LOC_STRINGS = YES;
				SWIFT_VERSION = 5.0;
				TARGETED_DEVICE_FAMILY = "1,2";
			};
			name = Release;
		};
/* End XCBuildConfiguration section */

/* Begin XCConfigurationList section */
		54F9AE642742F73C00F09248 /* Build configuration list for PBXProject "HomeRepairHelper" */ = {
			isa = XCConfigurationList;
			buildConfigurations = (
				54F9AE752742F73F00F09248 /* Debug */,
				54F9AE762742F73F00F09248 /* Release */,
			);
			defaultConfigurationIsVisible = 0;
			defaultConfigurationName = Release;
		};
		54F9AE772742F73F00F09248 /* Build configuration list for PBXNativeTarget "HomeRepairHelper" */ = {
			isa = XCConfigurationList;
			buildConfigurations = (
				54F9AE782742F73F00F09248 /* Debug */,
				54F9AE792742F73F00F09248 /* Release */,
			);
			defaultConfigurationIsVisible = 0;
			defaultConfigurationName = Release;
		};
/* End XCConfigurationList section */

/* Begin XCRemoteSwiftPackageReference section */
		540B80B0274430E200414BE6 /* XCRemoteSwiftPackageReference "lottie-ios" */ = {
			isa = XCRemoteSwiftPackageReference;
			repositoryURL = "https://github.com/airbnb/lottie-ios.git";
			requirement = {
				branch = master;
				kind = branch;
			};
		};
		54143B1C274BED050088C0A2 /* XCRemoteSwiftPackageReference "SwiftClient" */ = {
			isa = XCRemoteSwiftPackageReference;
			repositoryURL = "https://github.com/TelemetryDeck/SwiftClient";
			requirement = {
				kind = upToNextMajorVersion;
				minimumVersion = 1.0.0;
			};
		};
		5474DBA227456E5100A897AC /* XCRemoteSwiftPackageReference "swiftui-navigation-bar-styling" */ = {
			isa = XCRemoteSwiftPackageReference;
			repositoryURL = "https://github.com/globulus/swiftui-navigation-bar-styling.git";
			requirement = {
				kind = upToNextMajorVersion;
				minimumVersion = 1.0.0;
			};
		};
		5498B0D22837F4B200FA814D /* XCRemoteSwiftPackageReference "SDWebImageSwiftUI" */ = {
			isa = XCRemoteSwiftPackageReference;
			repositoryURL = "https://github.com/SDWebImage/SDWebImageSwiftUI.git";
			requirement = {
				branch = master;
				kind = branch;
			};
		};
/* End XCRemoteSwiftPackageReference section */

/* Begin XCSwiftPackageProductDependency section */
		540B80B1274430E200414BE6 /* Lottie */ = {
			isa = XCSwiftPackageProductDependency;
			package = 540B80B0274430E200414BE6 /* XCRemoteSwiftPackageReference "lottie-ios" */;
			productName = Lottie;
		};
		54143B1D274BED050088C0A2 /* TelemetryClient */ = {
			isa = XCSwiftPackageProductDependency;
			package = 54143B1C274BED050088C0A2 /* XCRemoteSwiftPackageReference "SwiftClient" */;
			productName = TelemetryClient;
		};
		5474DBA327456E5100A897AC /* SwiftUINavigationBarStyling */ = {
			isa = XCSwiftPackageProductDependency;
			package = 5474DBA227456E5100A897AC /* XCRemoteSwiftPackageReference "swiftui-navigation-bar-styling" */;
			productName = SwiftUINavigationBarStyling;
		};
		5498B0D32837F4B200FA814D /* SDWebImageSwiftUI */ = {
			isa = XCSwiftPackageProductDependency;
			package = 5498B0D22837F4B200FA814D /* XCRemoteSwiftPackageReference "SDWebImageSwiftUI" */;
			productName = SDWebImageSwiftUI;
		};
/* End XCSwiftPackageProductDependency section */

/* Begin XCVersionGroup section */
		54E7EE05278FAD0A005C164D /* homerepair.xcdatamodeld */ = {
			isa = XCVersionGroup;
			children = (
				54E7EE06278FAD0A005C164D /* homerepair.xcdatamodel */,
			);
			currentVersion = 54E7EE06278FAD0A005C164D /* homerepair.xcdatamodel */;
			path = homerepair.xcdatamodeld;
			sourceTree = "<group>";
			versionGroupType = wrapper.xcdatamodel;
		};
/* End XCVersionGroup section */
	};
	rootObject = 54F9AE612742F73C00F09248 /* Project object */;
}
